
Microsoft Visual Studio Solution File, Format Version 12.00
# Visual Studio Version 17
VisualStudioVersion = 17.10.35013.160
MinimumVisualStudioVersion = 10.0.40219.1
Project("{FAE04EC0-301F-11D3-BF4B-00C04F79EFBC}") = "TypeScriptTutorail", "TypeScriptTutorail\TypeScriptTutorail.csproj", "{203458AB-B0EA-4FDB-918D-4E11A4CFAC4C}"
EndProject
Global
	GlobalSection(SolutionConfigurationPlatforms) = preSolution
		Debug|Any CPU = Debug|Any CPU
		Release|Any CPU = Release|Any CPU
	EndGlobalSection
	GlobalSection(ProjectConfigurationPlatforms) = postSolution
		{203458AB-B0EA-4FDB-918D-4E11A4CFAC4C}.Debug|Any CPU.ActiveCfg = Debug|Any CPU
		{203458AB-B0EA-4FDB-918D-4E11A4CFAC4C}.Debug|Any CPU.Build.0 = Debug|Any CPU
		{203458AB-B0EA-4FDB-918D-4E11A4CFAC4C}.Release|Any CPU.ActiveCfg = Release|Any CPU
		{203458AB-B0EA-4FDB-918D-4E11A4CFAC4C}.Release|Any CPU.Build.0 = Release|Any CPU
	EndGlobalSection
	GlobalSection(SolutionProperties) = preSolution
		HideSolutionNode = FALSE
	EndGlobalSection
	GlobalSection(ExtensibilityGlobals) = postSolution
		SolutionGuid = {4D94B431-7095-4D84-95CF-41E66A08D01B}
	EndGlobalSection
EndGlobal
